
Microsoft Visual Studio Solution File, Format Version 12.00
# Visual Studio Version 16
VisualStudioVersion = 16.0.30517.126
MinimumVisualStudioVersion = 10.0.40219.1
Project("{FAE04EC0-301F-11D3-BF4B-00C04F79EFBC}") = "Site", "Site\Site.csproj", "{DFCFA08A-3E9C-44C7-842E-B620293A5B15}"
EndProject
Global
	GlobalSection(SolutionConfigurationPlatforms) = preSolution
		Debug|Any CPU = Debug|Any CPU
		Release|Any CPU = Release|Any CPU
	EndGlobalSection
	GlobalSection(ProjectConfigurationPlatforms) = postSolution
		{DFCFA08A-3E9C-44C7-842E-B620293A5B15}.Debug|Any CPU.ActiveCfg = Debug|Any CPU
		{DFCFA08A-3E9C-44C7-842E-B620293A5B15}.Debug|Any CPU.Build.0 = Debug|Any CPU
		{DFCFA08A-3E9C-44C7-842E-B620293A5B15}.Release|Any CPU.ActiveCfg = Release|Any CPU
		{DFCFA08A-3E9C-44C7-842E-B620293A5B15}.Release|Any CPU.Build.0 = Release|Any CPU
	EndGlobalSection
	GlobalSection(SolutionProperties) = preSolution
		HideSolutionNode = FALSE
	EndGlobalSection
	GlobalSection(ExtensibilityGlobals) = postSolution
		SolutionGuid = {E6EE8728-8498-44CA-BC29-003345648A20}
	EndGlobalSection
EndGlobal
